
Microsoft Visual Studio Solution File, Format Version 12.00
# Visual Studio Version 17
VisualStudioVersion = 17.11.35327.3
MinimumVisualStudioVersion = 10.0.40219.1
Project("{FAE04EC0-301F-11D3-BF4B-00C04F79EFBC}") = "1015", "1015\1015.csproj", "{478FADB1-20A5-42DE-8A76-2937A890FFCA}"
EndProject
Global
	GlobalSection(SolutionConfigurationPlatforms) = preSolution
		Debug|Any CPU = Debug|Any CPU
		Release|Any CPU = Release|Any CPU
	EndGlobalSection
	GlobalSection(ProjectConfigurationPlatforms) = postSolution
		{478FADB1-20A5-42DE-8A76-2937A890FFCA}.Debug|Any CPU.ActiveCfg = Debug|Any CPU
		{478FADB1-20A5-42DE-8A76-2937A890FFCA}.Debug|Any CPU.Build.0 = Debug|Any CPU
		{478FADB1-20A5-42DE-8A76-2937A890FFCA}.Release|Any CPU.ActiveCfg = Release|Any CPU
		{478FADB1-20A5-42DE-8A76-2937A890FFCA}.Release|Any CPU.Build.0 = Release|Any CPU
	EndGlobalSection
	GlobalSection(SolutionProperties) = preSolution
		HideSolutionNode = FALSE
	EndGlobalSection
	GlobalSection(ExtensibilityGlobals) = postSolution
		SolutionGuid = {D95B4D9B-C2F1-4647-9E85-56EAC98E4F1F}
	EndGlobalSection
EndGlobal
